// !$*UTF8*$!
{
	archiveVersion = 1;
	classes = {
	};
	objectVersion = 55;
	objects = {

/* Begin PBXBuildFile section */
		045305FA27FB7F780036A1D4 /* Lankmark.swift in Sources */ = {isa = PBXBuildFile; fileRef = 045305F927FB7F780036A1D4 /* Lankmark.swift */; };
		0453061227FB853D0036A1D4 /* modelData.swift in Sources */ = {isa = PBXBuildFile; fileRef = 0453061127FB853D0036A1D4 /* modelData.swift */; };
		0453061727FB89440036A1D4 /* landmarkData.json in Resources */ = {isa = PBXBuildFile; fileRef = 0453061627FB89440036A1D4 /* landmarkData.json */; };
		0453061B27FB89CF0036A1D4 /* landmarkRow.swift in Sources */ = {isa = PBXBuildFile; fileRef = 0453061A27FB89CF0036A1D4 /* landmarkRow.swift */; };
		0453061D27FB8FFC0036A1D4 /* LandmarkList.swift in Sources */ = {isa = PBXBuildFile; fileRef = 0453061C27FB8FFC0036A1D4 /* LandmarkList.swift */; };
		0453061F27FB92530036A1D4 /* LandmarkDetail.swift in Sources */ = {isa = PBXBuildFile; fileRef = 0453061E27FB92530036A1D4 /* LandmarkDetail.swift */; };
		04FCC3B427FB33C100EBEEFA /* landmarksApp.swift in Sources */ = {isa = PBXBuildFile; fileRef = 04FCC3B327FB33C100EBEEFA /* landmarksApp.swift */; };
		04FCC3B827FB33C200EBEEFA /* Assets.xcassets in Resources */ = {isa = PBXBuildFile; fileRef = 04FCC3B727FB33C200EBEEFA /* Assets.xcassets */; };
		04FCC3BB27FB33C200EBEEFA /* Preview Assets.xcassets in Resources */ = {isa = PBXBuildFile; fileRef = 04FCC3BA27FB33C200EBEEFA /* Preview Assets.xcassets */; };
		04FCC3C227FB384C00EBEEFA /* CircleImage.swift in Sources */ = {isa = PBXBuildFile; fileRef = 04FCC3C127FB384C00EBEEFA /* CircleImage.swift */; };
		04FCC3C427FB3A5D00EBEEFA /* MapView.swift in Sources */ = {isa = PBXBuildFile; fileRef = 04FCC3C327FB3A5D00EBEEFA /* MapView.swift */; };
/* End PBXBuildFile section */

/* Begin PBXFileReference section */
		045305F927FB7F780036A1D4 /* Lankmark.swift */ = {isa = PBXFileReference; lastKnownFileType = sourcecode.swift; path = Lankmark.swift; sourceTree = "<group>"; };
		0453061127FB853D0036A1D4 /* modelData.swift */ = {isa = PBXFileReference; lastKnownFileType = sourcecode.swift; path = modelData.swift; sourceTree = "<group>"; };
		0453061627FB89440036A1D4 /* landmarkData.json */ = {isa = PBXFileReference; fileEncoding = 4; lastKnownFileType = text.json; name = landmarkData.json; path = ../../../../Downloads/BuildingListsAndNavigation/Resources/landmarkData.json; sourceTree = "<group>"; };
		0453061A27FB89CF0036A1D4 /* landmarkRow.swift */ = {isa = PBXFileReference; lastKnownFileType = sourcecode.swift; path = landmarkRow.swift; sourceTree = "<group>"; };
		0453061C27FB8FFC0036A1D4 /* LandmarkList.swift */ = {isa = PBXFileReference; lastKnownFileType = sourcecode.swift; path = LandmarkList.swift; sourceTree = "<group>"; };
		0453061E27FB92530036A1D4 /* LandmarkDetail.swift */ = {isa = PBXFileReference; lastKnownFileType = sourcecode.swift; path = LandmarkDetail.swift; sourceTree = "<group>"; };
		04FCC3B027FB33C100EBEEFA /* landmarks.app */ = {isa = PBXFileReference; explicitFileType = wrapper.application; includeInIndex = 0; path = landmarks.app; sourceTree = BUILT_PRODUCTS_DIR; };
		04FCC3B327FB33C100EBEEFA /* landmarksApp.swift */ = {isa = PBXFileReference; lastKnownFileType = sourcecode.swift; path = landmarksApp.swift; sourceTree = "<group>"; };
		04FCC3B727FB33C200EBEEFA /* Assets.xcassets */ = {isa = PBXFileReference; lastKnownFileType = folder.assetcatalog; path = Assets.xcassets; sourceTree = "<group>"; };
		04FCC3BA27FB33C200EBEEFA /* Preview Assets.xcassets */ = {isa = PBXFileReference; lastKnownFileType = folder.assetcatalog; path = "Preview Assets.xcassets"; sourceTree = "<group>"; };
		04FCC3C127FB384C00EBEEFA /* CircleImage.swift */ = {isa = PBXFileReference; lastKnownFileType = sourcecode.swift; path = CircleImage.swift; sourceTree = "<group>"; };
		04FCC3C327FB3A5D00EBEEFA /* MapView.swift */ = {isa = PBXFileReference; lastKnownFileType = sourcecode.swift; path = MapView.swift; sourceTree = "<group>"; };
/* End PBXFileReference section */

/* Begin PBXFrameworksBuildPhase section */
		04FCC3AD27FB33C100EBEEFA /* Frameworks */ = {
			isa = PBXFrameworksBuildPhase;
			buildActionMask = 2147483647;
			files = (
			);
			runOnlyForDeploymentPostprocessing = 0;
		};
/* End PBXFrameworksBuildPhase section */

/* Begin PBXGroup section */
		0453061327FB88B80036A1D4 /* Views */ = {
			isa = PBXGroup;
			children = (
				04FCC3C327FB3A5D00EBEEFA /* MapView.swift */,
				04FCC3C127FB384C00EBEEFA /* CircleImage.swift */,
				0453061A27FB89CF0036A1D4 /* landmarkRow.swift */,
				0453061C27FB8FFC0036A1D4 /* LandmarkList.swift */,
				0453061E27FB92530036A1D4 /* LandmarkDetail.swift */,
			);
			path = Views;
			sourceTree = "<group>";
		};
		0453061427FB88F50036A1D4 /* models */ = {
			isa = PBXGroup;
			children = (
				0453061127FB853D0036A1D4 /* modelData.swift */,
				045305F927FB7F780036A1D4 /* Lankmark.swift */,
			);
			path = models;
			sourceTree = "<group>";
		};
		0453061527FB890E0036A1D4 /* resource */ = {
			isa = PBXGroup;
			children = (
				0453061627FB89440036A1D4 /* landmarkData.json */,
			);
			path = resource;
			sourceTree = "<group>";
		};
		04FCC3A727FB33C100EBEEFA = {
			isa = PBXGroup;
			children = (
				04FCC3B227FB33C100EBEEFA /* landmarks */,
				04FCC3B127FB33C100EBEEFA /* Products */,
			);
			sourceTree = "<group>";
		};
		04FCC3B127FB33C100EBEEFA /* Products */ = {
			isa = PBXGroup;
			children = (
				04FCC3B027FB33C100EBEEFA /* landmarks.app */,
			);
			name = Products;
			sourceTree = "<group>";
		};
		04FCC3B227FB33C100EBEEFA /* landmarks */ = {
			isa = PBXGroup;
			children = (
				0453061527FB890E0036A1D4 /* resource */,
				0453061427FB88F50036A1D4 /* models */,
				0453061327FB88B80036A1D4 /* Views */,
				04FCC3B327FB33C100EBEEFA /* landmarksApp.swift */,
				04FCC3B727FB33C200EBEEFA /* Assets.xcassets */,
				04FCC3B927FB33C200EBEEFA /* Preview Content */,
			);
			path = landmarks;
			sourceTree = "<group>";
		};
		04FCC3B927FB33C200EBEEFA /* Preview Content */ = {
			isa = PBXGroup;
			children = (
				04FCC3BA27FB33C200EBEEFA /* Preview Assets.xcassets */,
			);
			path = "Preview Content";
			sourceTree = "<group>";
		};
/* End PBXGroup section */

/* Begin PBXNativeTarget section */
		04FCC3AF27FB33C100EBEEFA /* landmarks */ = {
			isa = PBXNativeTarget;
			buildConfigurationList = 04FCC3BE27FB33C200EBEEFA /* Build configuration list for PBXNativeTarget "landmarks" */;
			buildPhases = (
				04FCC3AC27FB33C100EBEEFA /* Sources */,
				04FCC3AD27FB33C100EBEEFA /* Frameworks */,
				04FCC3AE27FB33C100EBEEFA /* Resources */,
			);
			buildRules = (
			);
			dependencies = (
			);
			name = landmarks;
			productName = landmarks;
			productReference = 04FCC3B027FB33C100EBEEFA /* landmarks.app */;
			productType = "com.apple.product-type.application";
		};
/* End PBXNativeTarget section */

/* Begin PBXProject section */
		04FCC3A827FB33C100EBEEFA /* Project object */ = {
			isa = PBXProject;
			attributes = {
				BuildIndependentTargetsInParallel = 1;
				LastSwiftUpdateCheck = 1320;
				LastUpgradeCheck = 1320;
				TargetAttributes = {
					04FCC3AF27FB33C100EBEEFA = {
						CreatedOnToolsVersion = 13.2.1;
					};
				};
			};
			buildConfigurationList = 04FCC3AB27FB33C100EBEEFA /* Build configuration list for PBXProject "landmarks" */;
			compatibilityVersion = "Xcode 13.0";
			developmentRegion = en;
			hasScannedForEncodings = 0;
			knownRegions = (
				en,
				Base,
			);
			mainGroup = 04FCC3A727FB33C100EBEEFA;
			productRefGroup = 04FCC3B127FB33C100EBEEFA /* Products */;
			projectDirPath = "";
			projectRoot = "";
			targets = (
				04FCC3AF27FB33C100EBEEFA /* landmarks */,
			);
		};
/* End PBXProject section */

/* Begin PBXResourcesBuildPhase section */
		04FCC3AE27FB33C100EBEEFA /* Resources */ = {
			isa = PBXResourcesBuildPhase;
			buildActionMask = 2147483647;
			files = (
				04FCC3BB27FB33C200EBEEFA /* Preview Assets.xcassets in Resources */,
				04FCC3B827FB33C200EBEEFA /* Assets.xcassets in Resources */,
				0453061727FB89440036A1D4 /* landmarkData.json in Resources */,
			);
			runOnlyForDeploymentPostprocessing = 0;
		};
/* End PBXResourcesBuildPhase section */

/* Begin PBXSourcesBuildPhase section */
		04FCC3AC27FB33C100EBEEFA /* Sources */ = {
			isa = PBXSourcesBuildPhase;
			buildActionMask = 2147483647;
			files = (
				0453061B27FB89CF0036A1D4 /* landmarkRow.swift in Sources */,
				045305FA27FB7F780036A1D4 /* Lankmark.swift in Sources */,
				0453061D27FB8FFC0036A1D4 /* LandmarkList.swift in Sources */,
				0453061F27FB92530036A1D4 /* LandmarkDetail.swift in Sources */,
				04FCC3C427FB3A5D00EBEEFA /* MapView.swift in Sources */,
				04FCC3B427FB33C100EBEEFA /* landmarksApp.swift in Sources */,
				04FCC3C227FB384C00EBEEFA /* CircleImage.swift in Sources */,
				0453061227FB853D0036A1D4 /* modelData.swift in Sources */,
			);
			runOnlyForDeploymentPostprocessing = 0;
		};
/* End PBXSourcesBuildPhase section */

/* Begin XCBuildConfiguration section */
		04FCC3BC27FB33C200EBEEFA /* Debug */ = {
			isa = XCBuildConfiguration;
			buildSettings = {
				ALWAYS_SEARCH_USER_PATHS = NO;
				CLANG_ANALYZER_NONNULL = YES;
				CLANG_ANALYZER_NUMBER_OBJECT_CONVERSION = YES_AGGRESSIVE;
				CLANG_CXX_LANGUAGE_STANDARD = "gnu++17";
				CLANG_CXX_LIBRARY = "libc++";
				CLANG_ENABLE_MODULES = YES;
				CLANG_ENABLE_OBJC_ARC = YES;
				CLANG_ENABLE_OBJC_WEAK = YES;
				CLANG_WARN_BLOCK_CAPTURE_AUTORELEASING = YES;
				CLANG_WARN_BOOL_CONVERSION = YES;
				CLANG_WARN_COMMA = YES;
				CLANG_WARN_CONSTANT_CONVERSION = YES;
				CLANG_WARN_DEPRECATED_OBJC_IMPLEMENTATIONS = YES;
				CLANG_WARN_DIRECT_OBJC_ISA_USAGE = YES_ERROR;
				CLANG_WARN_DOCUMENTATION_COMMENTS = YES;
				CLANG_WARN_EMPTY_BODY = YES;
				CLANG_WARN_ENUM_CONVERSION = YES;
				CLANG_WARN_INFINITE_RECURSION = YES;
				CLANG_WARN_INT_CONVERSION = YES;
				CLANG_WARN_NON_LITERAL_NULL_CONVERSION = YES;
				CLANG_WARN_OBJC_IMPLICIT_RETAIN_SELF = YES;
				CLANG_WARN_OBJC_LITERAL_CONVERSION = YES;
				CLANG_WARN_OBJC_ROOT_CLASS = YES_ERROR;
				CLANG_WARN_QUOTED_INCLUDE_IN_FRAMEWORK_HEADER = YES;
				CLANG_WARN_RANGE_LOOP_ANALYSIS = YES;
				CLANG_WARN_STRICT_PROTOTYPES = YES;
				CLANG_WARN_SUSPICIOUS_MOVE = YES;
				CLANG_WARN_UNGUARDED_AVAILABILITY = YES_AGGRESSIVE;
				CLANG_WARN_UNREACHABLE_CODE = YES;
				CLANG_WARN__DUPLICATE_METHOD_MATCH = YES;
				COPY_PHASE_STRIP = NO;
				DEBUG_INFORMATION_FORMAT = dwarf;
				ENABLE_STRICT_OBJC_MSGSEND = YES;
				ENABLE_TESTABILITY = YES;
				GCC_C_LANGUAGE_STANDARD = gnu11;
				GCC_DYNAMIC_NO_PIC = NO;
				GCC_NO_COMMON_BLOCKS = YES;
				GCC_OPTIMIZATION_LEVEL = 0;
				GCC_PREPROCESSOR_DEFINITIONS = (
					"DEBUG=1",
					"$(inherited)",
				);
				GCC_WARN_64_TO_32_BIT_CONVERSION = YES;
				GCC_WARN_ABOUT_RETURN_TYPE = YES_ERROR;
				GCC_WARN_UNDECLARED_SELECTOR = YES;
				GCC_WARN_UNINITIALIZED_AUTOS = YES_AGGRESSIVE;
				GCC_WARN_UNUSED_FUNCTION = YES;
				GCC_WARN_UNUSED_VARIABLE = YES;
				IPHONEOS_DEPLOYMENT_TARGET = 15.2;
				MTL_ENABLE_DEBUG_INFO = INCLUDE_SOURCE;
				MTL_FAST_MATH = YES;
				ONLY_ACTIVE_ARCH = YES;
				SDKROOT = iphoneos;
				SWIFT_ACTIVE_COMPILATION_CONDITIONS = DEBUG;
				SWIFT_OPTIMIZATION_LEVEL = "-Onone";
			};
			name = Debug;
		};
		04FCC3BD27FB33C200EBEEFA /* Release */ = {
			isa = XCBuildConfiguration;
			buildSettings = {
				ALWAYS_SEARCH_USER_PATHS = NO;
				CLANG_ANALYZER_NONNULL = YES;
				CLANG_ANALYZER_NUMBER_OBJECT_CONVERSION = YES_AGGRESSIVE;
				CLANG_CXX_LANGUAGE_STANDARD = "gnu++17";
				CLANG_CXX_LIBRARY = "libc++";
				CLANG_ENABLE_MODULES = YES;
				CLANG_ENABLE_OBJC_ARC = YES;
				CLANG_ENABLE_OBJC_WEAK = YES;
				CLANG_WARN_BLOCK_CAPTURE_AUTORELEASING = YES;
				CLANG_WARN_BOOL_CONVERSION = YES;
				CLANG_WARN_COMMA = YES;
				CLANG_WARN_CONSTANT_CONVERSION = YES;
				CLANG_WARN_DEPRECATED_OBJC_IMPLEMENTATIONS = YES;
				CLANG_WARN_DIRECT_OBJC_ISA_USAGE = YES_ERROR;
				CLANG_WARN_DOCUMENTATION_COMMENTS = YES;
				CLANG_WARN_EMPTY_BODY = YES;
				CLANG_WARN_ENUM_CONVERSION = YES;
				CLANG_WARN_INFINITE_RECURSION = YES;
				CLANG_WARN_INT_CONVERSION = YES;
				CLANG_WARN_NON_LITERAL_NULL_CONVERSION = YES;
				CLANG_WARN_OBJC_IMPLICIT_RETAIN_SELF = YES;
				CLANG_WARN_OBJC_LITERAL_CONVERSION = YES;
				CLANG_WARN_OBJC_ROOT_CLASS = YES_ERROR;
				CLANG_WARN_QUOTED_INCLUDE_IN_FRAMEWORK_HEADER = YES;
				CLANG_WARN_RANGE_LOOP_ANALYSIS = YES;
				CLANG_WARN_STRICT_PROTOTYPES = YES;
				CLANG_WARN_SUSPICIOUS_MOVE = YES;
				CLANG_WARN_UNGUARDED_AVAILABILITY = YES_AGGRESSIVE;
				CLANG_WARN_UNREACHABLE_CODE = YES;
				CLANG_WARN__DUPLICATE_METHOD_MATCH = YES;
				COPY_PHASE_STRIP = NO;
				DEBUG_INFORMATION_FORMAT = "dwarf-with-dsym";
				ENABLE_NS_ASSERTIONS = NO;
				ENABLE_STRICT_OBJC_MSGSEND = YES;
				GCC_C_LANGUAGE_STANDARD = gnu11;
				GCC_NO_COMMON_BLOCKS = YES;
				GCC_WARN_64_TO_32_BIT_CONVERSION = YES;
				GCC_WARN_ABOUT_RETURN_TYPE = YES_ERROR;
				GCC_WARN_UNDECLARED_SELECTOR = YES;
				GCC_WARN_UNINITIALIZED_AUTOS = YES_AGGRESSIVE;
				GCC_WARN_UNUSED_FUNCTION = YES;
				GCC_WARN_UNUSED_VARIABLE = YES;
				IPHONEOS_DEPLOYMENT_TARGET = 15.2;
				MTL_ENABLE_DEBUG_INFO = NO;
				MTL_FAST_MATH = YES;
				SDKROOT = iphoneos;
				SWIFT_COMPILATION_MODE = wholemodule;
				SWIFT_OPTIMIZATION_LEVEL = "-O";
				VALIDATE_PRODUCT = YES;
			};
			name = Release;
		};
		04FCC3BF27FB33C200EBEEFA /* Debug */ = {
			isa = XCBuildConfiguration;
			buildSettings = {
				ASSETCATALOG_COMPILER_APPICON_NAME = AppIcon;
				ASSETCATALOG_COMPILER_GLOBAL_ACCENT_COLOR_NAME = AccentColor;
				CODE_SIGN_STYLE = Automatic;
				CURRENT_PROJECT_VERSION = 1;
				DEVELOPMENT_ASSET_PATHS = "\"landmarks/Preview Content\"";
				DEVELOPMENT_TEAM = 2MY5J489H3;
				ENABLE_PREVIEWS = YES;
				GENERATE_INFOPLIST_FILE = YES;
				INFOPLIST_KEY_UIApplicationSceneManifest_Generation = YES;
				INFOPLIST_KEY_UIApplicationSupportsIndirectInputEvents = YES;
				INFOPLIST_KEY_UILaunchScreen_Generation = YES;
				INFOPLIST_KEY_UISupportedInterfaceOrientations_iPad = "UIInterfaceOrientationPortrait UIInterfaceOrientationPortraitUpsideDown UIInterfaceOrientationLandscapeLeft UIInterfaceOrientationLandscapeRight";
				INFOPLIST_KEY_UISupportedInterfaceOrientations_iPhone = "UIInterfaceOrientationPortrait UIInterfaceOrientationLandscapeLeft UIInterfaceOrientationLandscapeRight";
				LD_RUNPATH_SEARCH_PATHS = (
					"$(inherited)",
					"@executable_path/Frameworks",
				);
				MARKETING_VERSION = 1.0;
				PRODUCT_BUNDLE_IDENTIFIER = deadspace.landmarks;
				PRODUCT_NAME = "$(TARGET_NAME)";
				SWIFT_EMIT_LOC_STRINGS = YES;
				SWIFT_VERSION = 5.0;
				TARGETED_DEVICE_FAMILY = "1,2";
			};
			name = Debug;
		};
		04FCC3C027FB33C200EBEEFA /* Release */ = {
			isa = XCBuildConfiguration;
			buildSettings = {
				ASSETCATALOG_COMPILER_APPICON_NAME = AppIcon;
				ASSETCATALOG_COMPILER_GLOBAL_ACCENT_COLOR_NAME = AccentColor;
				CODE_SIGN_STYLE = Automatic;
				CURRENT_PROJECT_VERSION = 1;
				DEVELOPMENT_ASSET_PATHS = "\"landmarks/Preview Content\"";
				DEVELOPMENT_TEAM = 2MY5J489H3;
				ENABLE_PREVIEWS = YES;
				GENERATE_INFOPLIST_FILE = YES;
				INFOPLIST_KEY_UIApplicationSceneManifest_Generation = YES;
				INFOPLIST_KEY_UIApplicationSupportsIndirectInputEvents = YES;
				INFOPLIST_KEY_UILaunchScreen_Generation = YES;
				INFOPLIST_KEY_UISupportedInterfaceOrientations_iPad = "UIInterfaceOrientationPortrait UIInterfaceOrientationPortraitUpsideDown UIInterfaceOrientationLandscapeLeft UIInterfaceOrientationLandscapeRight";
				INFOPLIST_KEY_UISupportedInterfaceOrientations_iPhone = "UIInterfaceOrientationPortrait UIInterfaceOrientationLandscapeLeft UIInterfaceOrientationLandscapeRight";
				LD_RUNPATH_SEARCH_PATHS = (
					"$(inherited)",
					"@executable_path/Frameworks",
				);
				MARKETING_VERSION = 1.0;
				PRODUCT_BUNDLE_IDENTIFIER = deadspace.landmarks;
				PRODUCT_NAME = "$(TARGET_NAME)";
				SWIFT_EMIT_LOC_STRINGS = YES;
				SWIFT_VERSION = 5.0;
				TARGETED_DEVICE_FAMILY = "1,2";
			};
			name = Release;
		};
/* End XCBuildConfiguration section */

/* Begin XCConfigurationList section */
		04FCC3AB27FB33C100EBEEFA /* Build configuration list for PBXProject "landmarks" */ = {
			isa = XCConfigurationList;
			buildConfigurations = (
				04FCC3BC27FB33C200EBEEFA /* Debug */,
				04FCC3BD27FB33C200EBEEFA /* Release */,
			);
			defaultConfigurationIsVisible = 0;
			defaultConfigurationName = Release;
		};
		04FCC3BE27FB33C200EBEEFA /* Build configuration list for PBXNativeTarget "landmarks" */ = {
			isa = XCConfigurationList;
			buildConfigurations = (
				04FCC3BF27FB33C200EBEEFA /* Debug */,
				04FCC3C027FB33C200EBEEFA /* Release */,
			);
			defaultConfigurationIsVisible = 0;
			defaultConfigurationName = Release;
		};
/* End XCConfigurationList section */
	};
	rootObject = 04FCC3A827FB33C100EBEEFA /* Project object */;
}
